// !$*UTF8*$!
{
	archiveVersion = 1;
	classes = {
	};
	objectVersion = 50;
	objects = {

/* Begin PBXBuildFile section */
		4B6B0DBC7B2459EEC947C9C4 /* Pods_ReposGitHub.framework in Frameworks */ = {isa = PBXBuildFile; fileRef = 88EEAA8977FE292D36963045 /* Pods_ReposGitHub.framework */; };
		BA29DCD221C38F95006C8D73 /* AppDelegate.swift in Sources */ = {isa = PBXBuildFile; fileRef = BA29DCD121C38F95006C8D73 /* AppDelegate.swift */; };
		BA29DCD921C38F96006C8D73 /* Assets.xcassets in Resources */ = {isa = PBXBuildFile; fileRef = BA29DCD821C38F96006C8D73 /* Assets.xcassets */; };
		BA29DCDC21C38F96006C8D73 /* LaunchScreen.storyboard in Resources */ = {isa = PBXBuildFile; fileRef = BA29DCDA21C38F96006C8D73 /* LaunchScreen.storyboard */; };
		BA29DCE721C38F97006C8D73 /* RepositoryTest.swift in Sources */ = {isa = PBXBuildFile; fileRef = BA29DCE621C38F97006C8D73 /* RepositoryTest.swift */; };
		BA29DCF221C3900A006C8D73 /* Podfile in Resources */ = {isa = PBXBuildFile; fileRef = BA29DCF121C3900A006C8D73 /* Podfile */; };
		BA29DCF821C3C440006C8D73 /* RGHRepository.swift in Sources */ = {isa = PBXBuildFile; fileRef = BA29DCF721C3C440006C8D73 /* RGHRepository.swift */; };
		BA29DCFA21C3C489006C8D73 /* Typealias.swift in Sources */ = {isa = PBXBuildFile; fileRef = BA29DCF921C3C489006C8D73 /* Typealias.swift */; };
		BA29DCFC21C3D592006C8D73 /* RGHRepositories.swift in Sources */ = {isa = PBXBuildFile; fileRef = BA29DCFB21C3D592006C8D73 /* RGHRepositories.swift */; };
		BA29DCFF21C40DB4006C8D73 /* RGHRepositoriesViewController.swift in Sources */ = {isa = PBXBuildFile; fileRef = BA29DCFD21C40DB4006C8D73 /* RGHRepositoriesViewController.swift */; };
		BA29DD0021C40DB4006C8D73 /* RGHRepositoriesViewController.xib in Resources */ = {isa = PBXBuildFile; fileRef = BA29DCFE21C40DB4006C8D73 /* RGHRepositoriesViewController.xib */; };
		BA29DD0521C40FCB006C8D73 /* UIviewController+Additions.swift in Sources */ = {isa = PBXBuildFile; fileRef = BA29DD0421C40FCB006C8D73 /* UIviewController+Additions.swift */; };
		BA29DD0821C41441006C8D73 /* Constants.swift in Sources */ = {isa = PBXBuildFile; fileRef = BA29DD0721C41441006C8D73 /* Constants.swift */; };
		BA29DD0B21C416F2006C8D73 /* RGHExecuteInteractor.swift in Sources */ = {isa = PBXBuildFile; fileRef = BA29DD0A21C416F2006C8D73 /* RGHExecuteInteractor.swift */; };
		BA29DD0D21C41708006C8D73 /* RGHExecuteInteractorImpl.swift in Sources */ = {isa = PBXBuildFile; fileRef = BA29DD0C21C41708006C8D73 /* RGHExecuteInteractorImpl.swift */; };
		BA29DD1021C4189E006C8D73 /* RGHDownloadRepositoriesInteractor.swift in Sources */ = {isa = PBXBuildFile; fileRef = BA29DD0F21C4189E006C8D73 /* RGHDownloadRepositoriesInteractor.swift */; };
		BA29DD1221C418F6006C8D73 /* RGHDownloadRepositoriesInteractorAlamofireImpl.swift in Sources */ = {isa = PBXBuildFile; fileRef = BA29DD1121C418F6006C8D73 /* RGHDownloadRepositoriesInteractorAlamofireImpl.swift */; };
		BA29DD1721C42CB5006C8D73 /* RGHJSONParserRepository.swift in Sources */ = {isa = PBXBuildFile; fileRef = BA29DD1621C42CB5006C8D73 /* RGHJSONParserRepository.swift */; };
		BA29DD1A21C43B4F006C8D73 /* RGHrepositoryCollectionViewCell.swift in Sources */ = {isa = PBXBuildFile; fileRef = BA29DD1821C43B4F006C8D73 /* RGHrepositoryCollectionViewCell.swift */; };
		BA9F5DE321C44A7100C85A0E /* RGHRepositoriesViewController+CollectionViewController.swift in Sources */ = {isa = PBXBuildFile; fileRef = BA9F5DE221C44A7100C85A0E /* RGHRepositoriesViewController+CollectionViewController.swift */; };
		BA9F5DE421C46D8100C85A0E /* RGHRepositoryCollectionViewCell.xib in Resources */ = {isa = PBXBuildFile; fileRef = BA29DD1921C43B4F006C8D73 /* RGHRepositoryCollectionViewCell.xib */; };
		BAB62FF121C6CBDD00EA9BFE /* RGHRepositoryDetailViewController.swift in Sources */ = {isa = PBXBuildFile; fileRef = BAB62FEF21C6CBDD00EA9BFE /* RGHRepositoryDetailViewController.swift */; };
		BAB62FF221C6CBDD00EA9BFE /* RGHRepositoryDetailViewController.xib in Resources */ = {isa = PBXBuildFile; fileRef = BAB62FF021C6CBDD00EA9BFE /* RGHRepositoryDetailViewController.xib */; };
		BAB62FF421C6D0DE00EA9BFE /* CustomColors.swift in Sources */ = {isa = PBXBuildFile; fileRef = BAB62FF321C6D0DE00EA9BFE /* CustomColors.swift */; };
		BACD17E221C56C6000F3F62F /* RGHRepositoriesViewController+SearchController.swift in Sources */ = {isa = PBXBuildFile; fileRef = BACD17E121C56C6000F3F62F /* RGHRepositoriesViewController+SearchController.swift */; };
		BAE9691921C81B130097B7BB /* RGHReadmeViewController.swift in Sources */ = {isa = PBXBuildFile; fileRef = BAE9691721C81B130097B7BB /* RGHReadmeViewController.swift */; };
		BAE9691A21C81B130097B7BB /* RGHReadmeViewController.xib in Resources */ = {isa = PBXBuildFile; fileRef = BAE9691821C81B130097B7BB /* RGHReadmeViewController.xib */; };
		BAE9691D21C81CEE0097B7BB /* RGHDownloadReadmeInteractor.swift in Sources */ = {isa = PBXBuildFile; fileRef = BAE9691C21C81CEE0097B7BB /* RGHDownloadReadmeInteractor.swift */; };
		BAE9692021C81D900097B7BB /* RGHReadme.swift in Sources */ = {isa = PBXBuildFile; fileRef = BAE9691F21C81D900097B7BB /* RGHReadme.swift */; };
		BAE9692221C81E4A0097B7BB /* RGHDownloadReadmeInteractorAlamofireImpl.swift in Sources */ = {isa = PBXBuildFile; fileRef = BAE9692121C81E4A0097B7BB /* RGHDownloadReadmeInteractorAlamofireImpl.swift */; };
		BAE9692621C845C50097B7BB /* RGHWebsiteViewController.swift in Sources */ = {isa = PBXBuildFile; fileRef = BAE9692421C845C50097B7BB /* RGHWebsiteViewController.swift */; };
		BAE9692721C845C50097B7BB /* RGHWebsiteViewController.xib in Resources */ = {isa = PBXBuildFile; fileRef = BAE9692521C845C50097B7BB /* RGHWebsiteViewController.xib */; };
		BAE9692C21C84E080097B7BB /* RGHSourceController.swift in Sources */ = {isa = PBXBuildFile; fileRef = BAE9692A21C84E080097B7BB /* RGHSourceController.swift */; };
		BAE9692D21C84E080097B7BB /* RGHSourceController.xib in Resources */ = {isa = PBXBuildFile; fileRef = BAE9692B21C84E080097B7BB /* RGHSourceController.xib */; };
/* End PBXBuildFile section */

/* Begin PBXContainerItemProxy section */
		BA29DCE321C38F97006C8D73 /* PBXContainerItemProxy */ = {
			isa = PBXContainerItemProxy;
			containerPortal = BA29DCC621C38F94006C8D73 /* Project object */;
			proxyType = 1;
			remoteGlobalIDString = BA29DCCD21C38F94006C8D73;
			remoteInfo = ReposGitHub;
		};
/* End PBXContainerItemProxy section */

/* Begin PBXFileReference section */
		19ED5DAC23EA59A50FEA3AF3 /* Pods-ReposGitHub.release.xcconfig */ = {isa = PBXFileReference; includeInIndex = 1; lastKnownFileType = text.xcconfig; name = "Pods-ReposGitHub.release.xcconfig"; path = "Pods/Target Support Files/Pods-ReposGitHub/Pods-ReposGitHub.release.xcconfig"; sourceTree = "<group>"; };
		79F7300723A9AC44815A47FE /* Pods-ReposGitHub.debug.xcconfig */ = {isa = PBXFileReference; includeInIndex = 1; lastKnownFileType = text.xcconfig; name = "Pods-ReposGitHub.debug.xcconfig"; path = "Pods/Target Support Files/Pods-ReposGitHub/Pods-ReposGitHub.debug.xcconfig"; sourceTree = "<group>"; };
		88EEAA8977FE292D36963045 /* Pods_ReposGitHub.framework */ = {isa = PBXFileReference; explicitFileType = wrapper.framework; includeInIndex = 0; path = Pods_ReposGitHub.framework; sourceTree = BUILT_PRODUCTS_DIR; };
		BA29DCCE21C38F95006C8D73 /* ReposGitHub.app */ = {isa = PBXFileReference; explicitFileType = wrapper.application; includeInIndex = 0; path = ReposGitHub.app; sourceTree = BUILT_PRODUCTS_DIR; };
		BA29DCD121C38F95006C8D73 /* AppDelegate.swift */ = {isa = PBXFileReference; lastKnownFileType = sourcecode.swift; path = AppDelegate.swift; sourceTree = "<group>"; };
		BA29DCD821C38F96006C8D73 /* Assets.xcassets */ = {isa = PBXFileReference; lastKnownFileType = folder.assetcatalog; path = Assets.xcassets; sourceTree = "<group>"; };
		BA29DCDB21C38F96006C8D73 /* Base */ = {isa = PBXFileReference; lastKnownFileType = file.storyboard; name = Base; path = Base.lproj/LaunchScreen.storyboard; sourceTree = "<group>"; };
		BA29DCDD21C38F96006C8D73 /* Info.plist */ = {isa = PBXFileReference; lastKnownFileType = text.plist.xml; path = Info.plist; sourceTree = "<group>"; };
		BA29DCE221C38F97006C8D73 /* ReposGitHubTests.xctest */ = {isa = PBXFileReference; explicitFileType = wrapper.cfbundle; includeInIndex = 0; path = ReposGitHubTests.xctest; sourceTree = BUILT_PRODUCTS_DIR; };
		BA29DCE621C38F97006C8D73 /* RepositoryTest.swift */ = {isa = PBXFileReference; lastKnownFileType = sourcecode.swift; path = RepositoryTest.swift; sourceTree = "<group>"; };
		BA29DCE821C38F97006C8D73 /* Info.plist */ = {isa = PBXFileReference; lastKnownFileType = text.plist.xml; path = Info.plist; sourceTree = "<group>"; };
		BA29DCF121C3900A006C8D73 /* Podfile */ = {isa = PBXFileReference; lastKnownFileType = text; path = Podfile; sourceTree = "<group>"; xcLanguageSpecificationIdentifier = xcode.lang.ruby; };
		BA29DCF721C3C440006C8D73 /* RGHRepository.swift */ = {isa = PBXFileReference; lastKnownFileType = sourcecode.swift; path = RGHRepository.swift; sourceTree = "<group>"; };
		BA29DCF921C3C489006C8D73 /* Typealias.swift */ = {isa = PBXFileReference; lastKnownFileType = sourcecode.swift; path = Typealias.swift; sourceTree = "<group>"; };
		BA29DCFB21C3D592006C8D73 /* RGHRepositories.swift */ = {isa = PBXFileReference; lastKnownFileType = sourcecode.swift; path = RGHRepositories.swift; sourceTree = "<group>"; };
		BA29DCFD21C40DB4006C8D73 /* RGHRepositoriesViewController.swift */ = {isa = PBXFileReference; lastKnownFileType = sourcecode.swift; path = RGHRepositoriesViewController.swift; sourceTree = "<group>"; };
		BA29DCFE21C40DB4006C8D73 /* RGHRepositoriesViewController.xib */ = {isa = PBXFileReference; lastKnownFileType = file.xib; path = RGHRepositoriesViewController.xib; sourceTree = "<group>"; };
		BA29DD0421C40FCB006C8D73 /* UIviewController+Additions.swift */ = {isa = PBXFileReference; lastKnownFileType = sourcecode.swift; path = "UIviewController+Additions.swift"; sourceTree = "<group>"; };
		BA29DD0721C41441006C8D73 /* Constants.swift */ = {isa = PBXFileReference; lastKnownFileType = sourcecode.swift; path = Constants.swift; sourceTree = "<group>"; };
		BA29DD0A21C416F2006C8D73 /* RGHExecuteInteractor.swift */ = {isa = PBXFileReference; lastKnownFileType = sourcecode.swift; path = RGHExecuteInteractor.swift; sourceTree = "<group>"; };
		BA29DD0C21C41708006C8D73 /* RGHExecuteInteractorImpl.swift */ = {isa = PBXFileReference; lastKnownFileType = sourcecode.swift; path = RGHExecuteInteractorImpl.swift; sourceTree = "<group>"; };
		BA29DD0F21C4189E006C8D73 /* RGHDownloadRepositoriesInteractor.swift */ = {isa = PBXFileReference; lastKnownFileType = sourcecode.swift; path = RGHDownloadRepositoriesInteractor.swift; sourceTree = "<group>"; };
		BA29DD1121C418F6006C8D73 /* RGHDownloadRepositoriesInteractorAlamofireImpl.swift */ = {isa = PBXFileReference; lastKnownFileType = sourcecode.swift; path = RGHDownloadRepositoriesInteractorAlamofireImpl.swift; sourceTree = "<group>"; };
		BA29DD1621C42CB5006C8D73 /* RGHJSONParserRepository.swift */ = {isa = PBXFileReference; lastKnownFileType = sourcecode.swift; path = RGHJSONParserRepository.swift; sourceTree = "<group>"; };
		BA29DD1821C43B4F006C8D73 /* RGHrepositoryCollectionViewCell.swift */ = {isa = PBXFileReference; lastKnownFileType = sourcecode.swift; path = RGHrepositoryCollectionViewCell.swift; sourceTree = "<group>"; };
		BA29DD1921C43B4F006C8D73 /* RGHRepositoryCollectionViewCell.xib */ = {isa = PBXFileReference; lastKnownFileType = file.xib; path = RGHRepositoryCollectionViewCell.xib; sourceTree = "<group>"; };
		BA9F5DE021C4462000C85A0E /* Alamofire.framework */ = {isa = PBXFileReference; explicitFileType = wrapper.framework; path = Alamofire.framework; sourceTree = BUILT_PRODUCTS_DIR; };
		BA9F5DE221C44A7100C85A0E /* RGHRepositoriesViewController+CollectionViewController.swift */ = {isa = PBXFileReference; lastKnownFileType = sourcecode.swift; path = "RGHRepositoriesViewController+CollectionViewController.swift"; sourceTree = "<group>"; };
		BAB62FEF21C6CBDD00EA9BFE /* RGHRepositoryDetailViewController.swift */ = {isa = PBXFileReference; lastKnownFileType = sourcecode.swift; path = RGHRepositoryDetailViewController.swift; sourceTree = "<group>"; };
		BAB62FF021C6CBDD00EA9BFE /* RGHRepositoryDetailViewController.xib */ = {isa = PBXFileReference; lastKnownFileType = file.xib; path = RGHRepositoryDetailViewController.xib; sourceTree = "<group>"; };
		BAB62FF321C6D0DE00EA9BFE /* CustomColors.swift */ = {isa = PBXFileReference; lastKnownFileType = sourcecode.swift; path = CustomColors.swift; sourceTree = "<group>"; };
		BACD17E121C56C6000F3F62F /* RGHRepositoriesViewController+SearchController.swift */ = {isa = PBXFileReference; lastKnownFileType = sourcecode.swift; path = "RGHRepositoriesViewController+SearchController.swift"; sourceTree = "<group>"; };
		BAE9691721C81B130097B7BB /* RGHReadmeViewController.swift */ = {isa = PBXFileReference; lastKnownFileType = sourcecode.swift; path = RGHReadmeViewController.swift; sourceTree = "<group>"; };
		BAE9691821C81B130097B7BB /* RGHReadmeViewController.xib */ = {isa = PBXFileReference; lastKnownFileType = file.xib; path = RGHReadmeViewController.xib; sourceTree = "<group>"; };
		BAE9691C21C81CEE0097B7BB /* RGHDownloadReadmeInteractor.swift */ = {isa = PBXFileReference; lastKnownFileType = sourcecode.swift; path = RGHDownloadReadmeInteractor.swift; sourceTree = "<group>"; };
		BAE9691F21C81D900097B7BB /* RGHReadme.swift */ = {isa = PBXFileReference; lastKnownFileType = sourcecode.swift; path = RGHReadme.swift; sourceTree = "<group>"; };
		BAE9692121C81E4A0097B7BB /* RGHDownloadReadmeInteractorAlamofireImpl.swift */ = {isa = PBXFileReference; lastKnownFileType = sourcecode.swift; path = RGHDownloadReadmeInteractorAlamofireImpl.swift; sourceTree = "<group>"; };
		BAE9692421C845C50097B7BB /* RGHWebsiteViewController.swift */ = {isa = PBXFileReference; lastKnownFileType = sourcecode.swift; path = RGHWebsiteViewController.swift; sourceTree = "<group>"; };
		BAE9692521C845C50097B7BB /* RGHWebsiteViewController.xib */ = {isa = PBXFileReference; lastKnownFileType = file.xib; path = RGHWebsiteViewController.xib; sourceTree = "<group>"; };
		BAE9692A21C84E080097B7BB /* RGHSourceController.swift */ = {isa = PBXFileReference; lastKnownFileType = sourcecode.swift; path = RGHSourceController.swift; sourceTree = "<group>"; };
		BAE9692B21C84E080097B7BB /* RGHSourceController.xib */ = {isa = PBXFileReference; lastKnownFileType = file.xib; path = RGHSourceController.xib; sourceTree = "<group>"; };
/* End PBXFileReference section */

/* Begin PBXFrameworksBuildPhase section */
		BA29DCCB21C38F94006C8D73 /* Frameworks */ = {
			isa = PBXFrameworksBuildPhase;
			buildActionMask = 2147483647;
			files = (
				4B6B0DBC7B2459EEC947C9C4 /* Pods_ReposGitHub.framework in Frameworks */,
			);
			runOnlyForDeploymentPostprocessing = 0;
		};
		BA29DCDF21C38F97006C8D73 /* Frameworks */ = {
			isa = PBXFrameworksBuildPhase;
			buildActionMask = 2147483647;
			files = (
			);
			runOnlyForDeploymentPostprocessing = 0;
		};
/* End PBXFrameworksBuildPhase section */

/* Begin PBXGroup section */
		311C75F8FC0F9D777E8E56CD /* Frameworks */ = {
			isa = PBXGroup;
			children = (
				BA9F5DE021C4462000C85A0E /* Alamofire.framework */,
				88EEAA8977FE292D36963045 /* Pods_ReposGitHub.framework */,
			);
			name = Frameworks;
			sourceTree = "<group>";
		};
		533C63F16986CC3D569134ED /* Pods */ = {
			isa = PBXGroup;
			children = (
				79F7300723A9AC44815A47FE /* Pods-ReposGitHub.debug.xcconfig */,
				19ED5DAC23EA59A50FEA3AF3 /* Pods-ReposGitHub.release.xcconfig */,
			);
			name = Pods;
			sourceTree = "<group>";
		};
		BA29DCC521C38F94006C8D73 = {
			isa = PBXGroup;
			children = (
				BA29DCF121C3900A006C8D73 /* Podfile */,
				BA29DCD021C38F95006C8D73 /* ReposGitHub */,
				BA29DCE521C38F97006C8D73 /* ReposGitHubTests */,
				BA29DCCF21C38F95006C8D73 /* Products */,
				533C63F16986CC3D569134ED /* Pods */,
				311C75F8FC0F9D777E8E56CD /* Frameworks */,
			);
			sourceTree = "<group>";
		};
		BA29DCCF21C38F95006C8D73 /* Products */ = {
			isa = PBXGroup;
			children = (
				BA29DCCE21C38F95006C8D73 /* ReposGitHub.app */,
				BA29DCE221C38F97006C8D73 /* ReposGitHubTests.xctest */,
			);
			name = Products;
			sourceTree = "<group>";
		};
		BA29DCD021C38F95006C8D73 /* ReposGitHub */ = {
			isa = PBXGroup;
			children = (
				BA29DCD121C38F95006C8D73 /* AppDelegate.swift */,
				BA29DCF321C39116006C8D73 /* Model */,
				BA29DCF421C3911D006C8D73 /* View */,
				BA29DCF521C39125006C8D73 /* Controller */,
				BA29DD0921C416AD006C8D73 /* Interactors */,
				BA29DCF621C3C1AF006C8D73 /* Commons */,
				BA29DD0321C40FA0006C8D73 /* Extensions */,
				BA29DCD821C38F96006C8D73 /* Assets.xcassets */,
				BA29DCDA21C38F96006C8D73 /* LaunchScreen.storyboard */,
				BA29DCDD21C38F96006C8D73 /* Info.plist */,
			);
			path = ReposGitHub;
			sourceTree = "<group>";
		};
		BA29DCE521C38F97006C8D73 /* ReposGitHubTests */ = {
			isa = PBXGroup;
			children = (
				BA29DCE621C38F97006C8D73 /* RepositoryTest.swift */,
				BA29DCE821C38F97006C8D73 /* Info.plist */,
			);
			path = ReposGitHubTests;
			sourceTree = "<group>";
		};
		BA29DCF321C39116006C8D73 /* Model */ = {
			isa = PBXGroup;
			children = (
				BA29DD0621C410C3006C8D73 /* Repositories */,
				BAE9691E21C81D710097B7BB /* Readme */,
			);
			path = Model;
			sourceTree = "<group>";
		};
		BA29DCF421C3911D006C8D73 /* View */ = {
			isa = PBXGroup;
			children = (
				BA29DD0121C40F40006C8D73 /* Repositories */,
				BAB62FED21C6CB4E00EA9BFE /* RepositoryDetail */,
				BAE9692E21C84E110097B7BB /* Source */,
				BAE9691B21C81B200097B7BB /* Readme */,
				BAE9692821C845D20097B7BB /* Website */,
			);
			path = View;
			sourceTree = "<group>";
		};
		BA29DCF521C39125006C8D73 /* Controller */ = {
			isa = PBXGroup;
			children = (
				BA29DD0221C40F52006C8D73 /* Repositories */,
				BAB62FEC21C6CB3300EA9BFE /* RepositoryDetail */,
				BAE9692921C84DDA0097B7BB /* Source */,
				BAE9691621C81AD00097B7BB /* Readme */,
				BAE9692321C845980097B7BB /* Website */,
			);
			path = Controller;
			sourceTree = "<group>";
		};
		BA29DCF621C3C1AF006C8D73 /* Commons */ = {
			isa = PBXGroup;
			children = (
				BA29DCF921C3C489006C8D73 /* Typealias.swift */,
				BA29DD0721C41441006C8D73 /* Constants.swift */,
				BAB62FF321C6D0DE00EA9BFE /* CustomColors.swift */,
			);
			path = Commons;
			sourceTree = "<group>";
		};
		BA29DD0121C40F40006C8D73 /* Repositories */ = {
			isa = PBXGroup;
			children = (
				BA29DCFE21C40DB4006C8D73 /* RGHRepositoriesViewController.xib */,
				BA29DD1921C43B4F006C8D73 /* RGHRepositoryCollectionViewCell.xib */,
			);
			path = Repositories;
			sourceTree = "<group>";
		};
		BA29DD0221C40F52006C8D73 /* Repositories */ = {
			isa = PBXGroup;
			children = (
				BA29DCFD21C40DB4006C8D73 /* RGHRepositoriesViewController.swift */,
				BA9F5DE221C44A7100C85A0E /* RGHRepositoriesViewController+CollectionViewController.swift */,
				BACD17E121C56C6000F3F62F /* RGHRepositoriesViewController+SearchController.swift */,
				BA29DD1821C43B4F006C8D73 /* RGHrepositoryCollectionViewCell.swift */,
			);
			path = Repositories;
			sourceTree = "<group>";
		};
		BA29DD0321C40FA0006C8D73 /* Extensions */ = {
			isa = PBXGroup;
			children = (
				BA29DD0421C40FCB006C8D73 /* UIviewController+Additions.swift */,
			);
			path = Extensions;
			sourceTree = "<group>";
		};
		BA29DD0621C410C3006C8D73 /* Repositories */ = {
			isa = PBXGroup;
			children = (
				BA29DD1521C42C88006C8D73 /* JSONParser */,
				BA29DCF721C3C440006C8D73 /* RGHRepository.swift */,
				BA29DCFB21C3D592006C8D73 /* RGHRepositories.swift */,
			);
			path = Repositories;
			sourceTree = "<group>";
		};
		BA29DD0921C416AD006C8D73 /* Interactors */ = {
			isa = PBXGroup;
			children = (
				BA29DD0A21C416F2006C8D73 /* RGHExecuteInteractor.swift */,
				BA29DD0C21C41708006C8D73 /* RGHExecuteInteractorImpl.swift */,
				BA29DD0E21C41859006C8D73 /* Repositories */,
				BAB62FEE21C6CB6500EA9BFE /* Readme */,
			);
			path = Interactors;
			sourceTree = "<group>";
		};
		BA29DD0E21C41859006C8D73 /* Repositories */ = {
			isa = PBXGroup;
			children = (
				BA29DD0F21C4189E006C8D73 /* RGHDownloadRepositoriesInteractor.swift */,
				BA29DD1121C418F6006C8D73 /* RGHDownloadRepositoriesInteractorAlamofireImpl.swift */,
			);
			path = Repositories;
			sourceTree = "<group>";
		};
		BA29DD1521C42C88006C8D73 /* JSONParser */ = {
			isa = PBXGroup;
			children = (
				BA29DD1621C42CB5006C8D73 /* RGHJSONParserRepository.swift */,
			);
			path = JSONParser;
			sourceTree = "<group>";
		};
		BAB62FEC21C6CB3300EA9BFE /* RepositoryDetail */ = {
			isa = PBXGroup;
			children = (
				BAB62FEF21C6CBDD00EA9BFE /* RGHRepositoryDetailViewController.swift */,
			);
			path = RepositoryDetail;
			sourceTree = "<group>";
		};
		BAB62FED21C6CB4E00EA9BFE /* RepositoryDetail */ = {
			isa = PBXGroup;
			children = (
				BAB62FF021C6CBDD00EA9BFE /* RGHRepositoryDetailViewController.xib */,
			);
			path = RepositoryDetail;
			sourceTree = "<group>";
		};
		BAB62FEE21C6CB6500EA9BFE /* Readme */ = {
			isa = PBXGroup;
			children = (
				BAE9691C21C81CEE0097B7BB /* RGHDownloadReadmeInteractor.swift */,
				BAE9692121C81E4A0097B7BB /* RGHDownloadReadmeInteractorAlamofireImpl.swift */,
			);
			path = Readme;
			sourceTree = "<group>";
		};
		BAE9691621C81AD00097B7BB /* Readme */ = {
			isa = PBXGroup;
			children = (
				BAE9691721C81B130097B7BB /* RGHReadmeViewController.swift */,
			);
			path = Readme;
			sourceTree = "<group>";
		};
		BAE9691B21C81B200097B7BB /* Readme */ = {
			isa = PBXGroup;
			children = (
				BAE9691821C81B130097B7BB /* RGHReadmeViewController.xib */,
			);
			path = Readme;
			sourceTree = "<group>";
		};
		BAE9691E21C81D710097B7BB /* Readme */ = {
			isa = PBXGroup;
			children = (
				BAE9691F21C81D900097B7BB /* RGHReadme.swift */,
			);
			path = Readme;
			sourceTree = "<group>";
		};
		BAE9692321C845980097B7BB /* Website */ = {
			isa = PBXGroup;
			children = (
				BAE9692421C845C50097B7BB /* RGHWebsiteViewController.swift */,
			);
			path = Website;
			sourceTree = "<group>";
		};
		BAE9692821C845D20097B7BB /* Website */ = {
			isa = PBXGroup;
			children = (
				BAE9692521C845C50097B7BB /* RGHWebsiteViewController.xib */,
			);
			path = Website;
			sourceTree = "<group>";
		};
		BAE9692921C84DDA0097B7BB /* Source */ = {
			isa = PBXGroup;
			children = (
				BAE9692A21C84E080097B7BB /* RGHSourceController.swift */,
			);
			path = Source;
			sourceTree = "<group>";
		};
		BAE9692E21C84E110097B7BB /* Source */ = {
			isa = PBXGroup;
			children = (
				BAE9692B21C84E080097B7BB /* RGHSourceController.xib */,
			);
			path = Source;
			sourceTree = "<group>";
		};
/* End PBXGroup section */

/* Begin PBXNativeTarget section */
		BA29DCCD21C38F94006C8D73 /* ReposGitHub */ = {
			isa = PBXNativeTarget;
			buildConfigurationList = BA29DCEB21C38F97006C8D73 /* Build configuration list for PBXNativeTarget "ReposGitHub" */;
			buildPhases = (
				64369F890AFB4DC1CFBBF061 /* [CP] Check Pods Manifest.lock */,
				BA29DCCA21C38F94006C8D73 /* Sources */,
				BA29DCCB21C38F94006C8D73 /* Frameworks */,
				BA29DCCC21C38F94006C8D73 /* Resources */,
				F36CCD410032A96A8BE4A7C6 /* [CP] Embed Pods Frameworks */,
			);
			buildRules = (
			);
			dependencies = (
			);
			name = ReposGitHub;
			productName = ReposGitHub;
			productReference = BA29DCCE21C38F95006C8D73 /* ReposGitHub.app */;
			productType = "com.apple.product-type.application";
		};
		BA29DCE121C38F97006C8D73 /* ReposGitHubTests */ = {
			isa = PBXNativeTarget;
			buildConfigurationList = BA29DCEE21C38F97006C8D73 /* Build configuration list for PBXNativeTarget "ReposGitHubTests" */;
			buildPhases = (
				BA29DCDE21C38F97006C8D73 /* Sources */,
				BA29DCDF21C38F97006C8D73 /* Frameworks */,
				BA29DCE021C38F97006C8D73 /* Resources */,
			);
			buildRules = (
			);
			dependencies = (
				BA29DCE421C38F97006C8D73 /* PBXTargetDependency */,
			);
			name = ReposGitHubTests;
			productName = ReposGitHubTests;
			productReference = BA29DCE221C38F97006C8D73 /* ReposGitHubTests.xctest */;
			productType = "com.apple.product-type.bundle.unit-test";
		};
/* End PBXNativeTarget section */

/* Begin PBXProject section */
		BA29DCC621C38F94006C8D73 /* Project object */ = {
			isa = PBXProject;
			attributes = {
				LastSwiftUpdateCheck = 1010;
				LastUpgradeCheck = 1010;
				ORGANIZATIONNAME = "luis gomez alonso";
				TargetAttributes = {
					BA29DCCD21C38F94006C8D73 = {
						CreatedOnToolsVersion = 10.1;
					};
					BA29DCE121C38F97006C8D73 = {
						CreatedOnToolsVersion = 10.1;
						TestTargetID = BA29DCCD21C38F94006C8D73;
					};
				};
			};
			buildConfigurationList = BA29DCC921C38F94006C8D73 /* Build configuration list for PBXProject "ReposGitHub" */;
			compatibilityVersion = "Xcode 9.3";
			developmentRegion = en;
			hasScannedForEncodings = 0;
			knownRegions = (
				en,
				Base,
			);
			mainGroup = BA29DCC521C38F94006C8D73;
			productRefGroup = BA29DCCF21C38F95006C8D73 /* Products */;
			projectDirPath = "";
			projectRoot = "";
			targets = (
				BA29DCCD21C38F94006C8D73 /* ReposGitHub */,
				BA29DCE121C38F97006C8D73 /* ReposGitHubTests */,
			);
		};
/* End PBXProject section */

/* Begin PBXResourcesBuildPhase section */
		BA29DCCC21C38F94006C8D73 /* Resources */ = {
			isa = PBXResourcesBuildPhase;
			buildActionMask = 2147483647;
			files = (
				BAE9692721C845C50097B7BB /* RGHWebsiteViewController.xib in Resources */,
				BA29DCDC21C38F96006C8D73 /* LaunchScreen.storyboard in Resources */,
				BAE9692D21C84E080097B7BB /* RGHSourceController.xib in Resources */,
				BAB62FF221C6CBDD00EA9BFE /* RGHRepositoryDetailViewController.xib in Resources */,
				BA29DCD921C38F96006C8D73 /* Assets.xcassets in Resources */,
				BAE9691A21C81B130097B7BB /* RGHReadmeViewController.xib in Resources */,
				BA29DD0021C40DB4006C8D73 /* RGHRepositoriesViewController.xib in Resources */,
				BA9F5DE421C46D8100C85A0E /* RGHRepositoryCollectionViewCell.xib in Resources */,
				BA29DCF221C3900A006C8D73 /* Podfile in Resources */,
			);
			runOnlyForDeploymentPostprocessing = 0;
		};
		BA29DCE021C38F97006C8D73 /* Resources */ = {
			isa = PBXResourcesBuildPhase;
			buildActionMask = 2147483647;
			files = (
			);
			runOnlyForDeploymentPostprocessing = 0;
		};
/* End PBXResourcesBuildPhase section */

/* Begin PBXShellScriptBuildPhase section */
		64369F890AFB4DC1CFBBF061 /* [CP] Check Pods Manifest.lock */ = {
			isa = PBXShellScriptBuildPhase;
			buildActionMask = 2147483647;
			files = (
			);
			inputPaths = (
				"${PODS_PODFILE_DIR_PATH}/Podfile.lock",
				"${PODS_ROOT}/Manifest.lock",
			);
			name = "[CP] Check Pods Manifest.lock";
			outputPaths = (
				"$(DERIVED_FILE_DIR)/Pods-ReposGitHub-checkManifestLockResult.txt",
			);
			runOnlyForDeploymentPostprocessing = 0;
			shellPath = /bin/sh;
			shellScript = "diff \"${PODS_PODFILE_DIR_PATH}/Podfile.lock\" \"${PODS_ROOT}/Manifest.lock\" > /dev/null\nif [ $? != 0 ] ; then\n    # print error to STDERR\n    echo \"error: The sandbox is not in sync with the Podfile.lock. Run 'pod install' or update your CocoaPods installation.\" >&2\n    exit 1\nfi\n# This output is used by Xcode 'outputs' to avoid re-running this script phase.\necho \"SUCCESS\" > \"${SCRIPT_OUTPUT_FILE_0}\"\n";
			showEnvVarsInLog = 0;
		};
		F36CCD410032A96A8BE4A7C6 /* [CP] Embed Pods Frameworks */ = {
			isa = PBXShellScriptBuildPhase;
			buildActionMask = 2147483647;
			files = (
			);
			inputPaths = (
				"${SRCROOT}/Pods/Target Support Files/Pods-ReposGitHub/Pods-ReposGitHub-frameworks.sh",
				"${BUILT_PRODUCTS_DIR}/Alamofire/Alamofire.framework",
				"${BUILT_PRODUCTS_DIR}/Kingfisher/Kingfisher.framework",
			);
			name = "[CP] Embed Pods Frameworks";
			outputPaths = (
				"${TARGET_BUILD_DIR}/${FRAMEWORKS_FOLDER_PATH}/Alamofire.framework",
				"${TARGET_BUILD_DIR}/${FRAMEWORKS_FOLDER_PATH}/Kingfisher.framework",
			);
			runOnlyForDeploymentPostprocessing = 0;
			shellPath = /bin/sh;
			shellScript = "\"${SRCROOT}/Pods/Target Support Files/Pods-ReposGitHub/Pods-ReposGitHub-frameworks.sh\"\n";
			showEnvVarsInLog = 0;
		};
/* End PBXShellScriptBuildPhase section */

/* Begin PBXSourcesBuildPhase section */
		BA29DCCA21C38F94006C8D73 /* Sources */ = {
			isa = PBXSourcesBuildPhase;
			buildActionMask = 2147483647;
			files = (
				BAE9691921C81B130097B7BB /* RGHReadmeViewController.swift in Sources */,
				BA29DD0521C40FCB006C8D73 /* UIviewController+Additions.swift in Sources */,
				BA29DD1221C418F6006C8D73 /* RGHDownloadRepositoriesInteractorAlamofireImpl.swift in Sources */,
				BA29DD0D21C41708006C8D73 /* RGHExecuteInteractorImpl.swift in Sources */,
				BA29DCD221C38F95006C8D73 /* AppDelegate.swift in Sources */,
				BA29DD1721C42CB5006C8D73 /* RGHJSONParserRepository.swift in Sources */,
				BAE9692C21C84E080097B7BB /* RGHSourceController.swift in Sources */,
				BAB62FF121C6CBDD00EA9BFE /* RGHRepositoryDetailViewController.swift in Sources */,
				BA29DCFF21C40DB4006C8D73 /* RGHRepositoriesViewController.swift in Sources */,
				BAE9692621C845C50097B7BB /* RGHWebsiteViewController.swift in Sources */,
				BA29DCFC21C3D592006C8D73 /* RGHRepositories.swift in Sources */,
				BAE9692021C81D900097B7BB /* RGHReadme.swift in Sources */,
				BA9F5DE321C44A7100C85A0E /* RGHRepositoriesViewController+CollectionViewController.swift in Sources */,
				BAB62FF421C6D0DE00EA9BFE /* CustomColors.swift in Sources */,
				BA29DD0B21C416F2006C8D73 /* RGHExecuteInteractor.swift in Sources */,
				BACD17E221C56C6000F3F62F /* RGHRepositoriesViewController+SearchController.swift in Sources */,
				BA29DD1021C4189E006C8D73 /* RGHDownloadRepositoriesInteractor.swift in Sources */,
				BA29DD0821C41441006C8D73 /* Constants.swift in Sources */,
				BA29DCFA21C3C489006C8D73 /* Typealias.swift in Sources */,
				BA29DD1A21C43B4F006C8D73 /* RGHrepositoryCollectionViewCell.swift in Sources */,
				BAE9691D21C81CEE0097B7BB /* RGHDownloadReadmeInteractor.swift in Sources */,
				BAE9692221C81E4A0097B7BB /* RGHDownloadReadmeInteractorAlamofireImpl.swift in Sources */,
				BA29DCF821C3C440006C8D73 /* RGHRepository.swift in Sources */,
			);
			runOnlyForDeploymentPostprocessing = 0;
		};
		BA29DCDE21C38F97006C8D73 /* Sources */ = {
			isa = PBXSourcesBuildPhase;
			buildActionMask = 2147483647;
			files = (
				BA29DCE721C38F97006C8D73 /* RepositoryTest.swift in Sources */,
			);
			runOnlyForDeploymentPostprocessing = 0;
		};
/* End PBXSourcesBuildPhase section */

/* Begin PBXTargetDependency section */
		BA29DCE421C38F97006C8D73 /* PBXTargetDependency */ = {
			isa = PBXTargetDependency;
			target = BA29DCCD21C38F94006C8D73 /* ReposGitHub */;
			targetProxy = BA29DCE321C38F97006C8D73 /* PBXContainerItemProxy */;
		};
/* End PBXTargetDependency section */

/* Begin PBXVariantGroup section */
		BA29DCDA21C38F96006C8D73 /* LaunchScreen.storyboard */ = {
			isa = PBXVariantGroup;
			children = (
				BA29DCDB21C38F96006C8D73 /* Base */,
			);
			name = LaunchScreen.storyboard;
			sourceTree = "<group>";
		};
/* End PBXVariantGroup section */

/* Begin XCBuildConfiguration section */
		BA29DCE921C38F97006C8D73 /* Debug */ = {
			isa = XCBuildConfiguration;
			buildSettings = {
				ALWAYS_SEARCH_USER_PATHS = NO;
				CLANG_ANALYZER_NONNULL = YES;
				CLANG_ANALYZER_NUMBER_OBJECT_CONVERSION = YES_AGGRESSIVE;
				CLANG_CXX_LANGUAGE_STANDARD = "gnu++14";
				CLANG_CXX_LIBRARY = "libc++";
				CLANG_ENABLE_MODULES = YES;
				CLANG_ENABLE_OBJC_ARC = YES;
				CLANG_ENABLE_OBJC_WEAK = YES;
				CLANG_WARN_BLOCK_CAPTURE_AUTORELEASING = YES;
				CLANG_WARN_BOOL_CONVERSION = YES;
				CLANG_WARN_COMMA = YES;
				CLANG_WARN_CONSTANT_CONVERSION = YES;
				CLANG_WARN_DEPRECATED_OBJC_IMPLEMENTATIONS = YES;
				CLANG_WARN_DIRECT_OBJC_ISA_USAGE = YES_ERROR;
				CLANG_WARN_DOCUMENTATION_COMMENTS = YES;
				CLANG_WARN_EMPTY_BODY = YES;
				CLANG_WARN_ENUM_CONVERSION = YES;
				CLANG_WARN_INFINITE_RECURSION = YES;
				CLANG_WARN_INT_CONVERSION = YES;
				CLANG_WARN_NON_LITERAL_NULL_CONVERSION = YES;
				CLANG_WARN_OBJC_IMPLICIT_RETAIN_SELF = YES;
				CLANG_WARN_OBJC_LITERAL_CONVERSION = YES;
				CLANG_WARN_OBJC_ROOT_CLASS = YES_ERROR;
				CLANG_WARN_RANGE_LOOP_ANALYSIS = YES;
				CLANG_WARN_STRICT_PROTOTYPES = YES;
				CLANG_WARN_SUSPICIOUS_MOVE = YES;
				CLANG_WARN_UNGUARDED_AVAILABILITY = YES_AGGRESSIVE;
				CLANG_WARN_UNREACHABLE_CODE = YES;
				CLANG_WARN__DUPLICATE_METHOD_MATCH = YES;
				CODE_SIGN_IDENTITY = "iPhone Developer";
				COPY_PHASE_STRIP = NO;
				DEBUG_INFORMATION_FORMAT = dwarf;
				ENABLE_STRICT_OBJC_MSGSEND = YES;
				ENABLE_TESTABILITY = YES;
				GCC_C_LANGUAGE_STANDARD = gnu11;
				GCC_DYNAMIC_NO_PIC = NO;
				GCC_NO_COMMON_BLOCKS = YES;
				GCC_OPTIMIZATION_LEVEL = 0;
				GCC_PREPROCESSOR_DEFINITIONS = (
					"DEBUG=1",
					"$(inherited)",
				);
				GCC_WARN_64_TO_32_BIT_CONVERSION = YES;
				GCC_WARN_ABOUT_RETURN_TYPE = YES_ERROR;
				GCC_WARN_UNDECLARED_SELECTOR = YES;
				GCC_WARN_UNINITIALIZED_AUTOS = YES_AGGRESSIVE;
				GCC_WARN_UNUSED_FUNCTION = YES;
				GCC_WARN_UNUSED_VARIABLE = YES;
				IPHONEOS_DEPLOYMENT_TARGET = 12.1;
				MTL_ENABLE_DEBUG_INFO = INCLUDE_SOURCE;
				MTL_FAST_MATH = YES;
				ONLY_ACTIVE_ARCH = YES;
				SDKROOT = iphoneos;
				SWIFT_ACTIVE_COMPILATION_CONDITIONS = DEBUG;
				SWIFT_OPTIMIZATION_LEVEL = "-Onone";
			};
			name = Debug;
		};
		BA29DCEA21C38F97006C8D73 /* Release */ = {
			isa = XCBuildConfiguration;
			buildSettings = {
				ALWAYS_SEARCH_USER_PATHS = NO;
				CLANG_ANALYZER_NONNULL = YES;
				CLANG_ANALYZER_NUMBER_OBJECT_CONVERSION = YES_AGGRESSIVE;
				CLANG_CXX_LANGUAGE_STANDARD = "gnu++14";
				CLANG_CXX_LIBRARY = "libc++";
				CLANG_ENABLE_MODULES = YES;
				CLANG_ENABLE_OBJC_ARC = YES;
				CLANG_ENABLE_OBJC_WEAK = YES;
				CLANG_WARN_BLOCK_CAPTURE_AUTORELEASING = YES;
				CLANG_WARN_BOOL_CONVERSION = YES;
				CLANG_WARN_COMMA = YES;
				CLANG_WARN_CONSTANT_CONVERSION = YES;
				CLANG_WARN_DEPRECATED_OBJC_IMPLEMENTATIONS = YES;
				CLANG_WARN_DIRECT_OBJC_ISA_USAGE = YES_ERROR;
				CLANG_WARN_DOCUMENTATION_COMMENTS = YES;
				CLANG_WARN_EMPTY_BODY = YES;
				CLANG_WARN_ENUM_CONVERSION = YES;
				CLANG_WARN_INFINITE_RECURSION = YES;
				CLANG_WARN_INT_CONVERSION = YES;
				CLANG_WARN_NON_LITERAL_NULL_CONVERSION = YES;
				CLANG_WARN_OBJC_IMPLICIT_RETAIN_SELF = YES;
				CLANG_WARN_OBJC_LITERAL_CONVERSION = YES;
				CLANG_WARN_OBJC_ROOT_CLASS = YES_ERROR;
				CLANG_WARN_RANGE_LOOP_ANALYSIS = YES;
				CLANG_WARN_STRICT_PROTOTYPES = YES;
				CLANG_WARN_SUSPICIOUS_MOVE = YES;
				CLANG_WARN_UNGUARDED_AVAILABILITY = YES_AGGRESSIVE;
				CLANG_WARN_UNREACHABLE_CODE = YES;
				CLANG_WARN__DUPLICATE_METHOD_MATCH = YES;
				CODE_SIGN_IDENTITY = "iPhone Developer";
				COPY_PHASE_STRIP = NO;
				DEBUG_INFORMATION_FORMAT = "dwarf-with-dsym";
				ENABLE_NS_ASSERTIONS = NO;
				ENABLE_STRICT_OBJC_MSGSEND = YES;
				GCC_C_LANGUAGE_STANDARD = gnu11;
				GCC_NO_COMMON_BLOCKS = YES;
				GCC_WARN_64_TO_32_BIT_CONVERSION = YES;
				GCC_WARN_ABOUT_RETURN_TYPE = YES_ERROR;
				GCC_WARN_UNDECLARED_SELECTOR = YES;
				GCC_WARN_UNINITIALIZED_AUTOS = YES_AGGRESSIVE;
				GCC_WARN_UNUSED_FUNCTION = YES;
				GCC_WARN_UNUSED_VARIABLE = YES;
				IPHONEOS_DEPLOYMENT_TARGET = 12.1;
				MTL_ENABLE_DEBUG_INFO = NO;
				MTL_FAST_MATH = YES;
				SDKROOT = iphoneos;
				SWIFT_COMPILATION_MODE = wholemodule;
				SWIFT_OPTIMIZATION_LEVEL = "-O";
				VALIDATE_PRODUCT = YES;
			};
			name = Release;
		};
		BA29DCEC21C38F97006C8D73 /* Debug */ = {
			isa = XCBuildConfiguration;
			baseConfigurationReference = 79F7300723A9AC44815A47FE /* Pods-ReposGitHub.debug.xcconfig */;
			buildSettings = {
				ASSETCATALOG_COMPILER_APPICON_NAME = AppIcon;
				CODE_SIGN_STYLE = Automatic;
				DEVELOPMENT_TEAM = VJ3XGT65D5;
				INFOPLIST_FILE = ReposGitHub/Info.plist;
				LD_RUNPATH_SEARCH_PATHS = (
					"$(inherited)",
					"@executable_path/Frameworks",
				);
				PRODUCT_BUNDLE_IDENTIFIER = com.codigohifi.ReposGitHub;
				PRODUCT_NAME = "$(TARGET_NAME)";
				SWIFT_VERSION = 4.2;
				TARGETED_DEVICE_FAMILY = "1,2";
			};
			name = Debug;
		};
		BA29DCED21C38F97006C8D73 /* Release */ = {
			isa = XCBuildConfiguration;
			baseConfigurationReference = 19ED5DAC23EA59A50FEA3AF3 /* Pods-ReposGitHub.release.xcconfig */;
			buildSettings = {
				ASSETCATALOG_COMPILER_APPICON_NAME = AppIcon;
				CODE_SIGN_STYLE = Automatic;
				DEVELOPMENT_TEAM = VJ3XGT65D5;
				INFOPLIST_FILE = ReposGitHub/Info.plist;
				LD_RUNPATH_SEARCH_PATHS = (
					"$(inherited)",
					"@executable_path/Frameworks",
				);
				PRODUCT_BUNDLE_IDENTIFIER = com.codigohifi.ReposGitHub;
				PRODUCT_NAME = "$(TARGET_NAME)";
				SWIFT_VERSION = 4.2;
				TARGETED_DEVICE_FAMILY = "1,2";
			};
			name = Release;
		};
		BA29DCEF21C38F97006C8D73 /* Debug */ = {
			isa = XCBuildConfiguration;
			buildSettings = {
				ALWAYS_EMBED_SWIFT_STANDARD_LIBRARIES = YES;
				BUNDLE_LOADER = "$(TEST_HOST)";
				CODE_SIGN_STYLE = Automatic;
				DEVELOPMENT_TEAM = VJ3XGT65D5;
				INFOPLIST_FILE = ReposGitHubTests/Info.plist;
				LD_RUNPATH_SEARCH_PATHS = (
					"$(inherited)",
					"@executable_path/Frameworks",
					"@loader_path/Frameworks",
				);
				PRODUCT_BUNDLE_IDENTIFIER = com.codigohifi.ReposGitHubTests;
				PRODUCT_NAME = "$(TARGET_NAME)";
				SWIFT_VERSION = 4.2;
				TARGETED_DEVICE_FAMILY = "1,2";
				TEST_HOST = "$(BUILT_PRODUCTS_DIR)/ReposGitHub.app/ReposGitHub";
			};
			name = Debug;
		};
		BA29DCF021C38F97006C8D73 /* Release */ = {
			isa = XCBuildConfiguration;
			buildSettings = {
				ALWAYS_EMBED_SWIFT_STANDARD_LIBRARIES = YES;
				BUNDLE_LOADER = "$(TEST_HOST)";
				CODE_SIGN_STYLE = Automatic;
				DEVELOPMENT_TEAM = VJ3XGT65D5;
				INFOPLIST_FILE = ReposGitHubTests/Info.plist;
				LD_RUNPATH_SEARCH_PATHS = (
					"$(inherited)",
					"@executable_path/Frameworks",
					"@loader_path/Frameworks",
				);
				PRODUCT_BUNDLE_IDENTIFIER = com.codigohifi.ReposGitHubTests;
				PRODUCT_NAME = "$(TARGET_NAME)";
				SWIFT_VERSION = 4.2;
				TARGETED_DEVICE_FAMILY = "1,2";
				TEST_HOST = "$(BUILT_PRODUCTS_DIR)/ReposGitHub.app/ReposGitHub";
			};
			name = Release;
		};
/* End XCBuildConfiguration section */

/* Begin XCConfigurationList section */
		BA29DCC921C38F94006C8D73 /* Build configuration list for PBXProject "ReposGitHub" */ = {
			isa = XCConfigurationList;
			buildConfigurations = (
				BA29DCE921C38F97006C8D73 /* Debug */,
				BA29DCEA21C38F97006C8D73 /* Release */,
			);
			defaultConfigurationIsVisible = 0;
			defaultConfigurationName = Release;
		};
		BA29DCEB21C38F97006C8D73 /* Build configuration list for PBXNativeTarget "ReposGitHub" */ = {
			isa = XCConfigurationList;
			buildConfigurations = (
				BA29DCEC21C38F97006C8D73 /* Debug */,
				BA29DCED21C38F97006C8D73 /* Release */,
			);
			defaultConfigurationIsVisible = 0;
			defaultConfigurationName = Release;
		};
		BA29DCEE21C38F97006C8D73 /* Build configuration list for PBXNativeTarget "ReposGitHubTests" */ = {
			isa = XCConfigurationList;
			buildConfigurations = (
				BA29DCEF21C38F97006C8D73 /* Debug */,
				BA29DCF021C38F97006C8D73 /* Release */,
			);
			defaultConfigurationIsVisible = 0;
			defaultConfigurationName = Release;
		};
/* End XCConfigurationList section */
	};
	rootObject = BA29DCC621C38F94006C8D73 /* Project object */;
}
